
Microsoft Visual Studio Solution File, Format Version 12.00
# Visual Studio 15
VisualStudioVersion = 15.0.28307.329
MinimumVisualStudioVersion = 10.0.40219.1
Project("{FAE04EC0-301F-11D3-BF4B-00C04F79EFBC}") = "EscapeMines", "EscapeMines\EscapeMines.csproj", "{0DB098B4-7AF6-41B6-AD2C-2FE8E627A606}"
EndProject
Project("{FAE04EC0-301F-11D3-BF4B-00C04F79EFBC}") = "EscapeMinesTests", "EscapeMinesTests\EscapeMinesTests.csproj", "{D360DE03-CF72-40E1-98A4-114257DB28EF}"
EndProject
Global
	GlobalSection(SolutionConfigurationPlatforms) = preSolution
		Debug|Any CPU = Debug|Any CPU
		Release|Any CPU = Release|Any CPU
	EndGlobalSection
	GlobalSection(ProjectConfigurationPlatforms) = postSolution
		{0DB098B4-7AF6-41B6-AD2C-2FE8E627A606}.Debug|Any CPU.ActiveCfg = Debug|Any CPU
		{0DB098B4-7AF6-41B6-AD2C-2FE8E627A606}.Debug|Any CPU.Build.0 = Debug|Any CPU
		{0DB098B4-7AF6-41B6-AD2C-2FE8E627A606}.Release|Any CPU.ActiveCfg = Release|Any CPU
		{0DB098B4-7AF6-41B6-AD2C-2FE8E627A606}.Release|Any CPU.Build.0 = Release|Any CPU
		{D360DE03-CF72-40E1-98A4-114257DB28EF}.Debug|Any CPU.ActiveCfg = Debug|Any CPU
		{D360DE03-CF72-40E1-98A4-114257DB28EF}.Debug|Any CPU.Build.0 = Debug|Any CPU
		{D360DE03-CF72-40E1-98A4-114257DB28EF}.Release|Any CPU.ActiveCfg = Release|Any CPU
		{D360DE03-CF72-40E1-98A4-114257DB28EF}.Release|Any CPU.Build.0 = Release|Any CPU
	EndGlobalSection
	GlobalSection(SolutionProperties) = preSolution
		HideSolutionNode = FALSE
	EndGlobalSection
	GlobalSection(ExtensibilityGlobals) = postSolution
		SolutionGuid = {F650FB6B-5E2E-4C59-B507-EC46F9ADCE18}
	EndGlobalSection
EndGlobal
